
Microsoft Visual Studio Solution File, Format Version 12.00
# Visual Studio Version 17
VisualStudioVersion = 17.4.33213.308
MinimumVisualStudioVersion = 10.0.40219.1
Project("{FAE04EC0-301F-11D3-BF4B-00C04F79EFBC}") = "QRCodeCore", "QRCodeCore\QRCodeCore.csproj", "{09DF3036-9799-4D48-A385-434BFF9DE166}"
EndProject
Global
	GlobalSection(SolutionConfigurationPlatforms) = preSolution
		Debug|Any CPU = Debug|Any CPU
		Release|Any CPU = Release|Any CPU
	EndGlobalSection
	GlobalSection(ProjectConfigurationPlatforms) = postSolution
		{09DF3036-9799-4D48-A385-434BFF9DE166}.Debug|Any CPU.ActiveCfg = Debug|Any CPU
		{09DF3036-9799-4D48-A385-434BFF9DE166}.Debug|Any CPU.Build.0 = Debug|Any CPU
		{09DF3036-9799-4D48-A385-434BFF9DE166}.Release|Any CPU.ActiveCfg = Release|Any CPU
		{09DF3036-9799-4D48-A385-434BFF9DE166}.Release|Any CPU.Build.0 = Release|Any CPU
	EndGlobalSection
	GlobalSection(SolutionProperties) = preSolution
		HideSolutionNode = FALSE
	EndGlobalSection
	GlobalSection(ExtensibilityGlobals) = postSolution
		SolutionGuid = {08E73767-6BF7-4E08-8FFF-69DFBC5467F9}
	EndGlobalSection
EndGlobal
